
Microsoft Visual Studio Solution File, Format Version 12.00
# Visual Studio 2013
VisualStudioVersion = 12.0.40629.0
MinimumVisualStudioVersion = 10.0.40219.1
Project("{FAE04EC0-301F-11D3-BF4B-00C04F79EFBC}") = "tiff_pdf_converter", "tiff_pdf_converter\tiff_pdf_converter.csproj", "{BE04619C-2BF5-427B-B0A4-CAD4A0EBF01A}"
EndProject
Global
	GlobalSection(SolutionConfigurationPlatforms) = preSolution
		Debug|Any CPU = Debug|Any CPU
		Release|Any CPU = Release|Any CPU
	EndGlobalSection
	GlobalSection(ProjectConfigurationPlatforms) = postSolution
		{BE04619C-2BF5-427B-B0A4-CAD4A0EBF01A}.Debug|Any CPU.ActiveCfg = Debug|Any CPU
		{BE04619C-2BF5-427B-B0A4-CAD4A0EBF01A}.Debug|Any CPU.Build.0 = Debug|Any CPU
		{BE04619C-2BF5-427B-B0A4-CAD4A0EBF01A}.Release|Any CPU.ActiveCfg = Release|Any CPU
		{BE04619C-2BF5-427B-B0A4-CAD4A0EBF01A}.Release|Any CPU.Build.0 = Release|Any CPU
	EndGlobalSection
	GlobalSection(SolutionProperties) = preSolution
		HideSolutionNode = FALSE
	EndGlobalSection
EndGlobal
